# This file is autogenerated, do not edit; changes may be undone by the next 'dep ensure'.


[[projects]]
  branch = "master"
  digest = "1:b9bcacf2d59befcb6feed27d787c06f78e8fafdcd880f422f1db0fd332ddb02c"
  name = "github.com/gorilla/websocket"
  packages = ["."]
  pruneopts = "UT"
  revision = "80c2d40e9b91f2ef7a9c1a403aeec64d1b89a9a6"

[solve-meta]
  analyzer-name = "dep"
  analyzer-version = 1
  input-imports = ["github.com/gorilla/websocket"]
  solver-name = "gps-cdcl"
  solver-version = 1
